
Microsoft Visual Studio Solution File, Format Version 12.00
# Visual Studio Version 16
VisualStudioVersion = 16.0.29123.88
MinimumVisualStudioVersion = 10.0.40219.1
Project("{9A19103F-16F7-4668-BE54-9A1E7A4F7556}") = "JCore.Tests", "JCore.Test\JCore.Tests.csproj", "{BF2DDC4B-9D82-4C49-8DB9-734AFC9317DF}"
EndProject
Project("{9A19103F-16F7-4668-BE54-9A1E7A4F7556}") = "JCore", "JCore\JCore.csproj", "{BBCF0E23-D875-4777-8EF7-B6EC7B551F96}"
EndProject
Global
	GlobalSection(SolutionConfigurationPlatforms) = preSolution
		Debug|Any CPU = Debug|Any CPU
		Release|Any CPU = Release|Any CPU
	EndGlobalSection
	GlobalSection(ProjectConfigurationPlatforms) = postSolution
		{BF2DDC4B-9D82-4C49-8DB9-734AFC9317DF}.Debug|Any CPU.ActiveCfg = Debug|Any CPU
		{BF2DDC4B-9D82-4C49-8DB9-734AFC9317DF}.Debug|Any CPU.Build.0 = Debug|Any CPU
		{BF2DDC4B-9D82-4C49-8DB9-734AFC9317DF}.Release|Any CPU.ActiveCfg = Release|Any CPU
		{BF2DDC4B-9D82-4C49-8DB9-734AFC9317DF}.Release|Any CPU.Build.0 = Release|Any CPU
		{BBCF0E23-D875-4777-8EF7-B6EC7B551F96}.Debug|Any CPU.ActiveCfg = Debug|Any CPU
		{BBCF0E23-D875-4777-8EF7-B6EC7B551F96}.Debug|Any CPU.Build.0 = Debug|Any CPU
		{BBCF0E23-D875-4777-8EF7-B6EC7B551F96}.Release|Any CPU.ActiveCfg = Release|Any CPU
		{BBCF0E23-D875-4777-8EF7-B6EC7B551F96}.Release|Any CPU.Build.0 = Release|Any CPU
	EndGlobalSection
	GlobalSection(SolutionProperties) = preSolution
		HideSolutionNode = FALSE
	EndGlobalSection
	GlobalSection(ExtensibilityGlobals) = postSolution
		SolutionGuid = {3E3CA6A4-40FF-43A8-BDEE-4ABF5D486420}
	EndGlobalSection
EndGlobal
